{
  "name": "extra-git.sh",
  "version": "2.3.0",
  "lockfileVersion": 2,
  "requires": true,
  "packages": {
    "": {
      "name": "extra-git.sh",
      "version": "2.3.0",
      "license": "MIT",
      "bin": {
        "egit": "index.sh",
        "extra-git": "index.sh",
        "xgit": "index.sh"
      },
      "devDependencies": {
        "html-entities": "^2.6.0",
        "markdown-to-text": "^0.1.1"
      }
    },
    "node_modules/@types/chai": {
      "version": "4.3.20",
      "resolved": "https://registry.npmjs.org/@types/chai/-/chai-4.3.20.tgz",
      "integrity": "sha512-/pC9HAB5I/xMlc5FP77qjCnI16ChlJfW0tGa0IUcFn38VJrTV6DeZ60NU5KZBtaOZqjdpwTWohz5HU1RrhiYxQ==",
      "dev": true,
      "license": "MIT"
    },
    "node_modules/@types/mocha": {
      "version": "8.2.3",
      "resolved": "https://registry.npmjs.org/@types/mocha/-/mocha-8.2.3.tgz",
      "integrity": "sha512-ekGvFhFgrc2zYQoX4JeZPmVzZxw6Dtllga7iGHzfbYIYkAMUx/sAFP2GdFpLff+vdHXu5fl7WX9AT+TtqYcsyw==",
      "dev": true,
      "license": "MIT"
    },
    "node_modules/html-entities": {
      "version": "2.6.0",
      "resolved": "https://registry.npmjs.org/html-entities/-/html-entities-2.6.0.tgz",
      "integrity": "sha512-kig+rMn/QOVRvr7c86gQ8lWXq+Hkv6CbAH1hLu+RG338StTpE8Z0b44SDVaqVu7HGKf27frdmUYEs9hTUX/cLQ==",
      "dev": true,
      "funding": [
        {
          "type": "github",
          "url": "https://github.com/sponsors/mdevils"
        },
        {
          "type": "patreon",
          "url": "https://patreon.com/mdevils"
        }
      ],
      "license": "MIT"
    },
    "node_modules/markdown-to-text": {
      "version": "0.1.1",
      "resolved": "https://registry.npmjs.org/markdown-to-text/-/markdown-to-text-0.1.1.tgz",
      "integrity": "sha512-co/J5l8mJ2RK9wD/nQRGwO7JxoeyfvVNtOZll016EdAX2qYkwCWMdtYvJO42b41Ho7GFEJMuly9llf0Nj+ReQw==",
      "dev": true,
      "license": "MIT",
      "dependencies": {
        "@types/chai": "^4.2.14",
        "@types/mocha": "^8.2.0"
      }
    }
  },
  "dependencies": {
    "@types/chai": {
      "version": "4.3.20",
      "resolved": "https://registry.npmjs.org/@types/chai/-/chai-4.3.20.tgz",
      "integrity": "sha512-/pC9HAB5I/xMlc5FP77qjCnI16ChlJfW0tGa0IUcFn38VJrTV6DeZ60NU5KZBtaOZqjdpwTWohz5HU1RrhiYxQ==",
      "dev": true
    },
    "@types/mocha": {
      "version": "8.2.3",
      "resolved": "https://registry.npmjs.org/@types/mocha/-/mocha-8.2.3.tgz",
      "integrity": "sha512-ekGvFhFgrc2zYQoX4JeZPmVzZxw6Dtllga7iGHzfbYIYkAMUx/sAFP2GdFpLff+vdHXu5fl7WX9AT+TtqYcsyw==",
      "dev": true
    },
    "html-entities": {
      "version": "2.6.0",
      "resolved": "https://registry.npmjs.org/html-entities/-/html-entities-2.6.0.tgz",
      "integrity": "sha512-kig+rMn/QOVRvr7c86gQ8lWXq+Hkv6CbAH1hLu+RG338StTpE8Z0b44SDVaqVu7HGKf27frdmUYEs9hTUX/cLQ==",
      "dev": true
    },
    "markdown-to-text": {
      "version": "0.1.1",
      "resolved": "https://registry.npmjs.org/markdown-to-text/-/markdown-to-text-0.1.1.tgz",
      "integrity": "sha512-co/J5l8mJ2RK9wD/nQRGwO7JxoeyfvVNtOZll016EdAX2qYkwCWMdtYvJO42b41Ho7GFEJMuly9llf0Nj+ReQw==",
      "dev": true,
      "requires": {
        "@types/chai": "^4.2.14",
        "@types/mocha": "^8.2.0"
      }
    }
  }
}
